
Microsoft Visual Studio Solution File, Format Version 12.00
# Visual Studio Version 17
VisualStudioVersion = 17.8.34309.116
MinimumVisualStudioVersion = 10.0.40219.1
Project("{FAE04EC0-301F-11D3-BF4B-00C04F79EFBC}") = "DiscBuilder", "DiscBuilder\DiscBuilder.csproj", "{E28B59BA-2E4A-41E0-9CD8-EF91053274E3}"
EndProject
Global
	GlobalSection(SolutionConfigurationPlatforms) = preSolution
		Debug|Any CPU = Debug|Any CPU
		Release|Any CPU = Release|Any CPU
	EndGlobalSection
	GlobalSection(ProjectConfigurationPlatforms) = postSolution
		{E28B59BA-2E4A-41E0-9CD8-EF91053274E3}.Debug|Any CPU.ActiveCfg = Debug|Any CPU
		{E28B59BA-2E4A-41E0-9CD8-EF91053274E3}.Debug|Any CPU.Build.0 = Debug|Any CPU
		{E28B59BA-2E4A-41E0-9CD8-EF91053274E3}.Release|Any CPU.ActiveCfg = Release|Any CPU
		{E28B59BA-2E4A-41E0-9CD8-EF91053274E3}.Release|Any CPU.Build.0 = Release|Any CPU
	EndGlobalSection
	GlobalSection(SolutionProperties) = preSolution
		HideSolutionNode = FALSE
	EndGlobalSection
	GlobalSection(ExtensibilityGlobals) = postSolution
		SolutionGuid = {095AD259-9B12-4335-97FE-B428816DD34A}
	EndGlobalSection
EndGlobal
